
Microsoft Visual Studio Solution File, Format Version 12.00
# Visual Studio Version 17
VisualStudioVersion = 17.3.32929.385
MinimumVisualStudioVersion = 10.0.40219.1
Project("{9A19103F-16F7-4668-BE54-9A1E7A4F7556}") = "Eshop", "Eshop.csproj", "{03D65FFC-869A-4DC8-8A4E-F3492E96E5DB}"
EndProject
Project("{9A19103F-16F7-4668-BE54-9A1E7A4F7556}") = "Datalayer", "..\Datalayer\Datalayer.csproj", "{A02947CD-F805-42E5-AB91-DA421418CEFC}"
EndProject
Project("{9A19103F-16F7-4668-BE54-9A1E7A4F7556}") = "ServiceLayer", "..\ServiceLayer\ServiceLayer.csproj", "{9FE31CF3-ABC8-4266-B115-54751E6EEAEA}"
EndProject
Project("{9A19103F-16F7-4668-BE54-9A1E7A4F7556}") = "ConsoleEshop", "..\ConsoleEshop\ConsoleEshop.csproj", "{6999BE9C-3A7E-4DD0-8130-778465063EFA}"
EndProject
Project("{9A19103F-16F7-4668-BE54-9A1E7A4F7556}") = "EshopAPI", "..\EshopAPI\EshopAPI.csproj", "{BA71EFB5-64C6-49A3-B451-7E4115D722C5}"
EndProject
Project("{9A19103F-16F7-4668-BE54-9A1E7A4F7556}") = "EshopBlazor", "..\EshopBlazorProject---H3\EshopBlazor.csproj", "{CB4EA348-502A-443F-B9E7-B677BE755329}"
EndProject
Global
	GlobalSection(SolutionConfigurationPlatforms) = preSolution
		Debug|Any CPU = Debug|Any CPU
		Release|Any CPU = Release|Any CPU
	EndGlobalSection
	GlobalSection(ProjectConfigurationPlatforms) = postSolution
		{03D65FFC-869A-4DC8-8A4E-F3492E96E5DB}.Debug|Any CPU.ActiveCfg = Debug|Any CPU
		{03D65FFC-869A-4DC8-8A4E-F3492E96E5DB}.Debug|Any CPU.Build.0 = Debug|Any CPU
		{03D65FFC-869A-4DC8-8A4E-F3492E96E5DB}.Release|Any CPU.ActiveCfg = Release|Any CPU
		{03D65FFC-869A-4DC8-8A4E-F3492E96E5DB}.Release|Any CPU.Build.0 = Release|Any CPU
		{A02947CD-F805-42E5-AB91-DA421418CEFC}.Debug|Any CPU.ActiveCfg = Debug|Any CPU
		{A02947CD-F805-42E5-AB91-DA421418CEFC}.Debug|Any CPU.Build.0 = Debug|Any CPU
		{A02947CD-F805-42E5-AB91-DA421418CEFC}.Release|Any CPU.ActiveCfg = Release|Any CPU
		{A02947CD-F805-42E5-AB91-DA421418CEFC}.Release|Any CPU.Build.0 = Release|Any CPU
		{9FE31CF3-ABC8-4266-B115-54751E6EEAEA}.Debug|Any CPU.ActiveCfg = Debug|Any CPU
		{9FE31CF3-ABC8-4266-B115-54751E6EEAEA}.Debug|Any CPU.Build.0 = Debug|Any CPU
		{9FE31CF3-ABC8-4266-B115-54751E6EEAEA}.Release|Any CPU.ActiveCfg = Release|Any CPU
		{9FE31CF3-ABC8-4266-B115-54751E6EEAEA}.Release|Any CPU.Build.0 = Release|Any CPU
		{6999BE9C-3A7E-4DD0-8130-778465063EFA}.Debug|Any CPU.ActiveCfg = Debug|Any CPU
		{6999BE9C-3A7E-4DD0-8130-778465063EFA}.Debug|Any CPU.Build.0 = Debug|Any CPU
		{6999BE9C-3A7E-4DD0-8130-778465063EFA}.Release|Any CPU.ActiveCfg = Release|Any CPU
		{6999BE9C-3A7E-4DD0-8130-778465063EFA}.Release|Any CPU.Build.0 = Release|Any CPU
		{BA71EFB5-64C6-49A3-B451-7E4115D722C5}.Debug|Any CPU.ActiveCfg = Debug|Any CPU
		{BA71EFB5-64C6-49A3-B451-7E4115D722C5}.Debug|Any CPU.Build.0 = Debug|Any CPU
		{BA71EFB5-64C6-49A3-B451-7E4115D722C5}.Release|Any CPU.ActiveCfg = Release|Any CPU
		{BA71EFB5-64C6-49A3-B451-7E4115D722C5}.Release|Any CPU.Build.0 = Release|Any CPU
		{CB4EA348-502A-443F-B9E7-B677BE755329}.Debug|Any CPU.ActiveCfg = Debug|Any CPU
		{CB4EA348-502A-443F-B9E7-B677BE755329}.Debug|Any CPU.Build.0 = Debug|Any CPU
		{CB4EA348-502A-443F-B9E7-B677BE755329}.Release|Any CPU.ActiveCfg = Release|Any CPU
		{CB4EA348-502A-443F-B9E7-B677BE755329}.Release|Any CPU.Build.0 = Release|Any CPU
	EndGlobalSection
	GlobalSection(SolutionProperties) = preSolution
		HideSolutionNode = FALSE
	EndGlobalSection
	GlobalSection(ExtensibilityGlobals) = postSolution
		SolutionGuid = {5067CF0C-5B43-4570-B600-189BC7BF9D42}
	EndGlobalSection
EndGlobal
